
Microsoft Visual Studio Solution File, Format Version 11.00
# Visual Studio 2010
Project("{E24C65DC-7377-472B-9ABA-BC803B73C61A}") = "wsTest3", "..\..\WebSites\wsTest3\", "{59F22E5A-E499-4237-821B-19CB2ADA58E9}"
	ProjectSection(WebsiteProperties) = preProject
		TargetFrameworkMoniker = ".NETFramework,Version%3Dv4.0"
		Debug.AspNetCompiler.VirtualPath = "/wsTest3"
		Debug.AspNetCompiler.PhysicalPath = "..\..\WebSites\wsTest3\"
		Debug.AspNetCompiler.TargetPath = "PrecompiledWeb\wsTest3\"
		Debug.AspNetCompiler.Updateable = "true"
		Debug.AspNetCompiler.ForceOverwrite = "true"
		Debug.AspNetCompiler.FixedNames = "false"
		Debug.AspNetCompiler.Debug = "True"
		Release.AspNetCompiler.VirtualPath = "/wsTest3"
		Release.AspNetCompiler.PhysicalPath = "..\..\WebSites\wsTest3\"
		Release.AspNetCompiler.TargetPath = "PrecompiledWeb\wsTest3\"
		Release.AspNetCompiler.Updateable = "true"
		Release.AspNetCompiler.ForceOverwrite = "true"
		Release.AspNetCompiler.FixedNames = "false"
		Release.AspNetCompiler.Debug = "False"
		VWDPort = "51354"
		DefaultWebSiteLanguage = "Visual C#"
	EndProjectSection
EndProject
Global
	GlobalSection(SolutionConfigurationPlatforms) = preSolution
		Debug|Any CPU = Debug|Any CPU
	EndGlobalSection
	GlobalSection(ProjectConfigurationPlatforms) = postSolution
		{59F22E5A-E499-4237-821B-19CB2ADA58E9}.Debug|Any CPU.ActiveCfg = Debug|Any CPU
		{59F22E5A-E499-4237-821B-19CB2ADA58E9}.Debug|Any CPU.Build.0 = Debug|Any CPU
	EndGlobalSection
	GlobalSection(SolutionProperties) = preSolution
		HideSolutionNode = FALSE
	EndGlobalSection
EndGlobal
